# This file is machine-generated by `gh actions-lock`.
# Do not edit by hand; run `gh actions-lock` to update.
# Docs: https://gh.io/actions-lockfile
version: 'v0.0.2'
workflows:
    '.github/workflows/boj-build.yml':
        - 'actions/checkout@v7.0.1'
    '.github/workflows/casket-pages.yml':
        - 'actions/checkout@v7.0.1'
        - 'actions/configure-pages@v6.0.0'
        - 'actions/deploy-pages@v5.0.0'
        - 'actions/upload-pages-artifact@v5.0.0'
    '.github/workflows/codeql.yml':
        - 'actions/checkout@v7.0.1'
        - 'github/codeql-action@v4.37.5'
    '.github/workflows/governance.yml': []
    '.github/workflows/hypatia-scan.yml':
        - 'actions/checkout@v7.0.1'
        - 'actions/github-script@v9.0.0'
        - 'actions/upload-artifact@v7.0.1'
        - 'erlef/setup-beam@v1.24.1'
        - 'github/codeql-action@v4.37.5'
    '.github/workflows/pages.yml':
        - 'actions/checkout@v7.0.1'
        - 'actions/deploy-pages@v5.0.0'
        - 'actions/upload-pages-artifact@v5.0.0'
    '.github/workflows/push-email-notify.yml':
        - 'dawidd6/action-send-mail@v3.12.0'
    '.github/workflows/secret-scanner.yml': []
dependencies:
    'actions/checkout@v7.0.1':
        ref: 'v7.0.1'
        commit: 'sha1-3d3c42e5aac5ba805825da76410c181273ba90b1'
        owner_id: 44036562
        repo_id: 197814629
    'actions/configure-pages@v6.0.0':
        ref: 'v6.0.0'
        commit: 'sha1-45bfe0192ca1faeb007ade9deae92b16b8254a0d'
        owner_id: 44036562
        repo_id: 513659658
    'actions/deploy-pages@v5.0.0':
        ref: 'v5.0.0'
        commit: 'sha1-cd2ce8fcbc39b97be8ca5fce6e763baed58fa128'
        owner_id: 44036562
        repo_id: 438112499
    'actions/github-script@v9.0.0':
        ref: 'v9.0.0'
        commit: 'sha1-3a2844b7e9c422d3c10d287c895573f7108da1b3'
        owner_id: 44036562
        repo_id: 205262760
    'actions/upload-artifact@bbbca2ddaa5d8feaa63e36b76fdaad77386f024f':
        ref: 'v7.0.0'
        commit: 'sha1-bbbca2ddaa5d8feaa63e36b76fdaad77386f024f'
        owner_id: 44036562
        repo_id: 192625955
    'actions/upload-artifact@v7.0.1':
        ref: 'v7.0.1'
        commit: 'sha1-043fb46d1a93c77aae656e7c1c64a875d1fc6a0a'
        owner_id: 44036562
        repo_id: 192625955
    'actions/upload-pages-artifact@v5.0.0':
        ref: 'v5.0.0'
        commit: 'sha1-fc324d3547104276b827a68afc52ff2a11cc49c9'
        owner_id: 44036562
        repo_id: 496012378
        uses:
            - 'actions/upload-artifact@bbbca2ddaa5d8feaa63e36b76fdaad77386f024f'
    'dawidd6/action-send-mail@v3.12.0':
        ref: 'v3.12.0'
        commit: 'sha1-2e600f3776677e493bf0da7aaec39a586d19a5ed'
        owner_id: 9713907
        repo_id: 222439721
    'erlef/setup-beam@v1.24.1':
        ref: 'v1.24.1'
        commit: 'sha1-54075bcc5e249e4758d363f27d099f55d843f124'
        owner_id: 47606891
        repo_id: 331103973
    'github/codeql-action@v4.37.5':
        ref: 'v4.37.5'
        commit: 'sha1-d1ba80a13dd99fba24a470575428917156a28b43'
        owner_id: 9919
        repo_id: 259445878
